{
  "name": "BloodWorks",
  "version": "0.0.0",
  "dependencies": {
    "@types/history": {
      "version": "4.6.0",
      "from": "@types/history@https://registry.npmjs.org/@types/history/-/history-4.6.0.tgz",
      "resolved": "https://registry.npmjs.org/@types/history/-/history-4.6.0.tgz"
    },
    "@types/react": {
      "version": "15.0.35",
      "from": "@types/react@https://registry.npmjs.org/@types/react/-/react-15.0.35.tgz",
      "resolved": "https://registry.npmjs.org/@types/react/-/react-15.0.35.tgz"
    },
    "encoding": {
      "version": "0.1.12",
      "from": "encoding@https://registry.npmjs.org/encoding/-/encoding-0.1.12.tgz",
      "resolved": "https://registry.npmjs.org/encoding/-/encoding-0.1.12.tgz"
    },
    "highcharts": {
      "version": "6.1.0",
      "from": "highcharts",
      "resolved": "https://registry.npmjs.org/highcharts/-/highcharts-6.1.0.tgz"
    },
    "iconv-lite": {
      "version": "0.4.18",
      "from": "iconv-lite@https://registry.npmjs.org/iconv-lite/-/iconv-lite-0.4.18.tgz",
      "resolved": "https://registry.npmjs.org/iconv-lite/-/iconv-lite-0.4.18.tgz"
    },
    "is-stream": {
      "version": "1.1.0",
      "from": "is-stream@https://registry.npmjs.org/is-stream/-/is-stream-1.1.0.tgz",
      "resolved": "https://registry.npmjs.org/is-stream/-/is-stream-1.1.0.tgz"
    },
    "node-fetch": {
      "version": "1.7.1",
      "from": "node-fetch@https://registry.npmjs.org/node-fetch/-/node-fetch-1.7.1.tgz",
      "resolved": "https://registry.npmjs.org/node-fetch/-/node-fetch-1.7.1.tgz"
    },
    "whatwg-fetch": {
      "version": "2.0.3",
      "from": "whatwg-fetch@https://registry.npmjs.org/whatwg-fetch/-/whatwg-fetch-2.0.3.tgz",
      "resolved": "https://registry.npmjs.org/whatwg-fetch/-/whatwg-fetch-2.0.3.tgz"
    }
  }
}
